
Microsoft Visual Studio Solution File, Format Version 12.00
# Visual Studio 2012
Project("{FAE04EC0-301F-11D3-BF4B-00C04F79EFBC}") = "ProyectoProgra3", "ProyectoProgra3\ProyectoProgra3.csproj", "{E8EFAD61-4B8D-423F-88B1-4DD385FA987A}"
EndProject
Global
	GlobalSection(SolutionConfigurationPlatforms) = preSolution
		Debug|Any CPU = Debug|Any CPU
		Release|Any CPU = Release|Any CPU
	EndGlobalSection
	GlobalSection(ProjectConfigurationPlatforms) = postSolution
		{E8EFAD61-4B8D-423F-88B1-4DD385FA987A}.Debug|Any CPU.ActiveCfg = Debug|Any CPU
		{E8EFAD61-4B8D-423F-88B1-4DD385FA987A}.Debug|Any CPU.Build.0 = Debug|Any CPU
		{E8EFAD61-4B8D-423F-88B1-4DD385FA987A}.Release|Any CPU.ActiveCfg = Release|Any CPU
		{E8EFAD61-4B8D-423F-88B1-4DD385FA987A}.Release|Any CPU.Build.0 = Release|Any CPU
	EndGlobalSection
	GlobalSection(SolutionProperties) = preSolution
		HideSolutionNode = FALSE
	EndGlobalSection
EndGlobal
